
Microsoft Visual Studio Solution File, Format Version 12.00
# Visual Studio Version 17
VisualStudioVersion = 17.5.33516.290
MinimumVisualStudioVersion = 10.0.40219.1
Project("{FAE04EC0-301F-11D3-BF4B-00C04F79EFBC}") = "imt.messages", "imt.messages\imt.messages.csproj", "{3F5FA9AA-8E18-4BDE-89FA-904310EC1987}"
EndProject
Project("{FAE04EC0-301F-11D3-BF4B-00C04F79EFBC}") = "imt.messages.client", "imt.messages.client\imt.messages.client.csproj", "{B7517A1D-45A7-414C-B716-55F54944F441}"
EndProject
Project("{FAE04EC0-301F-11D3-BF4B-00C04F79EFBC}") = "imt.messages.shared", "imt.messages.shared\imt.messages.shared.csproj", "{6DF6A01F-58BB-461A-BBB6-5345AFA55AA2}"
EndProject
Global
	GlobalSection(SolutionConfigurationPlatforms) = preSolution
		Debug|Any CPU = Debug|Any CPU
		Release|Any CPU = Release|Any CPU
	EndGlobalSection
	GlobalSection(ProjectConfigurationPlatforms) = postSolution
		{3F5FA9AA-8E18-4BDE-89FA-904310EC1987}.Debug|Any CPU.ActiveCfg = Debug|Any CPU
		{3F5FA9AA-8E18-4BDE-89FA-904310EC1987}.Debug|Any CPU.Build.0 = Debug|Any CPU
		{3F5FA9AA-8E18-4BDE-89FA-904310EC1987}.Release|Any CPU.ActiveCfg = Release|Any CPU
		{3F5FA9AA-8E18-4BDE-89FA-904310EC1987}.Release|Any CPU.Build.0 = Release|Any CPU
		{B7517A1D-45A7-414C-B716-55F54944F441}.Debug|Any CPU.ActiveCfg = Debug|Any CPU
		{B7517A1D-45A7-414C-B716-55F54944F441}.Debug|Any CPU.Build.0 = Debug|Any CPU
		{B7517A1D-45A7-414C-B716-55F54944F441}.Release|Any CPU.ActiveCfg = Release|Any CPU
		{B7517A1D-45A7-414C-B716-55F54944F441}.Release|Any CPU.Build.0 = Release|Any CPU
		{6DF6A01F-58BB-461A-BBB6-5345AFA55AA2}.Debug|Any CPU.ActiveCfg = Debug|Any CPU
		{6DF6A01F-58BB-461A-BBB6-5345AFA55AA2}.Debug|Any CPU.Build.0 = Debug|Any CPU
		{6DF6A01F-58BB-461A-BBB6-5345AFA55AA2}.Release|Any CPU.ActiveCfg = Release|Any CPU
		{6DF6A01F-58BB-461A-BBB6-5345AFA55AA2}.Release|Any CPU.Build.0 = Release|Any CPU
	EndGlobalSection
	GlobalSection(SolutionProperties) = preSolution
		HideSolutionNode = FALSE
	EndGlobalSection
	GlobalSection(ExtensibilityGlobals) = postSolution
		SolutionGuid = {234A7A5E-4B7A-4DCC-BCB5-F3FD7A485833}
	EndGlobalSection
EndGlobal
